
Microsoft Visual Studio Solution File, Format Version 12.00
# Visual Studio Version 16
VisualStudioVersion = 16.0.32002.261
MinimumVisualStudioVersion = 10.0.40219.1
Project("{FAE04EC0-301F-11D3-BF4B-00C04F79EFBC}") = "JWT Token", "JWT Token.csproj", "{AD21520D-437F-4479-AD03-F8CF3A620FA1}"
EndProject
Global
	GlobalSection(SolutionConfigurationPlatforms) = preSolution
		Debug|Any CPU = Debug|Any CPU
		Release|Any CPU = Release|Any CPU
	EndGlobalSection
	GlobalSection(ProjectConfigurationPlatforms) = postSolution
		{AD21520D-437F-4479-AD03-F8CF3A620FA1}.Debug|Any CPU.ActiveCfg = Debug|Any CPU
		{AD21520D-437F-4479-AD03-F8CF3A620FA1}.Debug|Any CPU.Build.0 = Debug|Any CPU
		{AD21520D-437F-4479-AD03-F8CF3A620FA1}.Release|Any CPU.ActiveCfg = Release|Any CPU
		{AD21520D-437F-4479-AD03-F8CF3A620FA1}.Release|Any CPU.Build.0 = Release|Any CPU
	EndGlobalSection
	GlobalSection(SolutionProperties) = preSolution
		HideSolutionNode = FALSE
	EndGlobalSection
	GlobalSection(ExtensibilityGlobals) = postSolution
		SolutionGuid = {39438753-4213-43E9-9C1F-06C2C92BF98F}
	EndGlobalSection
EndGlobal
